// !$*UTF8*$!
{
	archiveVersion = 1;
	classes = {
	};
	objectVersion = 45;
	objects = {

/* Begin PBXBuildFile section */
		1DDD58160DA1D0A300B32029 /* MainMenu.xib in Resources */ = {isa = PBXBuildFile; fileRef = 1DDD58140DA1D0A300B32029 /* MainMenu.xib */; };
		8D11072B0486CEB800E47090 /* InfoPlist.strings in Resources */ = {isa = PBXBuildFile; fileRef = 089C165CFE840E0CC02AAC07 /* InfoPlist.strings */; };
		8D11072D0486CEB800E47090 /* main.m in Sources */ = {isa = PBXBuildFile; fileRef = 29B97316FDCFA39411CA2CEA /* main.m */; settings = {ATTRIBUTES = (); }; };
		8D11072F0486CEB800E47090 /* Cocoa.framework in Frameworks */ = {isa = PBXBuildFile; fileRef = 1058C7A1FEA54F0111CA2CBB /* Cocoa.framework */; };
		C90F262B1323124800B67AFF /* BinderMenulet.m in Sources */ = {isa = PBXBuildFile; fileRef = C90F262A1323124800B67AFF /* BinderMenulet.m */; };
		C90F2635132318A400B67AFF /* menu.tiff in Resources */ = {isa = PBXBuildFile; fileRef = C90F2634132318A400B67AFF /* menu.tiff */; };
		C90F263D1323209900B67AFF /* PreferencePaneController.m in Sources */ = {isa = PBXBuildFile; fileRef = C90F263C1323209900B67AFF /* PreferencePaneController.m */; };
		C90F264E1323283800B67AFF /* PreferencePanes.framework in Frameworks */ = {isa = PBXBuildFile; fileRef = C90F264D1323283800B67AFF /* PreferencePanes.framework */; };
		C90F26521323287B00B67AFF /* PrefPane.xib in Resources */ = {isa = PBXBuildFile; fileRef = C90F26511323287B00B67AFF /* PrefPane.xib */; };
		C98AC6E1132450A500D1B4D2 /* Carbon.framework in Frameworks */ = {isa = PBXBuildFile; fileRef = C98AC6E0132450A500D1B4D2 /* Carbon.framework */; };
		C98AC7D71324753B00D1B4D2 /* DDHotKeyCenter.m in Sources */ = {isa = PBXBuildFile; fileRef = C98AC7D61324753B00D1B4D2 /* DDHotKeyCenter.m */; };
		C98AC8D7132489D800D1B4D2 /* ShortcutRecorder.strings in Resources */ = {isa = PBXBuildFile; fileRef = C98AC8D5132489D800D1B4D2 /* ShortcutRecorder.strings */; };
		C98AC8DB13248A1900D1B4D2 /* ShortcutRecorder.framework in Frameworks */ = {isa = PBXBuildFile; fileRef = C98AC8DA13248A1900D1B4D2 /* ShortcutRecorder.framework */; };
		C98AC8EB13248B7600D1B4D2 /* ShortcutRecorder.framework in CopyFiles */ = {isa = PBXBuildFile; fileRef = C98AC8DA13248A1900D1B4D2 /* ShortcutRecorder.framework */; };
		C99DD064133ECAC8009E3667 /* config in Resources */ = {isa = PBXBuildFile; fileRef = C99DD03D133ECAC8009E3667 /* config */; };
		C99DD065133ECAC8009E3667 /* description in Resources */ = {isa = PBXBuildFile; fileRef = C99DD03E133ECAC8009E3667 /* description */; };
		C99DD066133ECAC8009E3667 /* HEAD in Resources */ = {isa = PBXBuildFile; fileRef = C99DD03F133ECAC8009E3667 /* HEAD */; };
		C99DD067133ECAC8009E3667 /* applypatch-msg.sample in Resources */ = {isa = PBXBuildFile; fileRef = C99DD041133ECAC8009E3667 /* applypatch-msg.sample */; };
		C99DD068133ECAC8009E3667 /* commit-msg.sample in Resources */ = {isa = PBXBuildFile; fileRef = C99DD042133ECAC8009E3667 /* commit-msg.sample */; };
		C99DD069133ECAC8009E3667 /* post-commit.sample in Resources */ = {isa = PBXBuildFile; fileRef = C99DD043133ECAC8009E3667 /* post-commit.sample */; };
		C99DD06A133ECAC8009E3667 /* post-receive.sample in Resources */ = {isa = PBXBuildFile; fileRef = C99DD044133ECAC8009E3667 /* post-receive.sample */; };
		C99DD06B133ECAC8009E3667 /* post-update.sample in Resources */ = {isa = PBXBuildFile; fileRef = C99DD045133ECAC8009E3667 /* post-update.sample */; };
		C99DD06C133ECAC8009E3667 /* pre-applypatch.sample in Resources */ = {isa = PBXBuildFile; fileRef = C99DD046133ECAC8009E3667 /* pre-applypatch.sample */; };
		C99DD06D133ECAC8009E3667 /* pre-commit.sample in Resources */ = {isa = PBXBuildFile; fileRef = C99DD047133ECAC8009E3667 /* pre-commit.sample */; };
		C99DD06E133ECAC8009E3667 /* pre-rebase.sample in Resources */ = {isa = PBXBuildFile; fileRef = C99DD048133ECAC8009E3667 /* pre-rebase.sample */; };
		C99DD06F133ECAC8009E3667 /* prepare-commit-msg.sample in Resources */ = {isa = PBXBuildFile; fileRef = C99DD049133ECAC8009E3667 /* prepare-commit-msg.sample */; };
		C99DD070133ECAC8009E3667 /* update.sample in Resources */ = {isa = PBXBuildFile; fileRef = C99DD04A133ECAC8009E3667 /* update.sample */; };
		C99DD071133ECAC8009E3667 /* index in Resources */ = {isa = PBXBuildFile; fileRef = C99DD04B133ECAC8009E3667 /* index */; };
		C99DD072133ECAC8009E3667 /* exclude in Resources */ = {isa = PBXBuildFile; fileRef = C99DD04D133ECAC8009E3667 /* exclude */; };
		C99DD073133ECAC8009E3667 /* HEAD in Resources */ = {isa = PBXBuildFile; fileRef = C99DD04F133ECAC8009E3667 /* HEAD */; };
		C99DD074133ECAC8009E3667 /* master in Resources */ = {isa = PBXBuildFile; fileRef = C99DD052133ECAC8009E3667 /* master */; };
		C99DD075133ECAC8009E3667 /* pack-96d362bacabcc49b69c9208d5715eb363fc30ba0.idx in Resources */ = {isa = PBXBuildFile; fileRef = C99DD056133ECAC8009E3667 /* pack-96d362bacabcc49b69c9208d5715eb363fc30ba0.idx */; };
		C99DD076133ECAC8009E3667 /* pack-96d362bacabcc49b69c9208d5715eb363fc30ba0.pack in Resources */ = {isa = PBXBuildFile; fileRef = C99DD057133ECAC8009E3667 /* pack-96d362bacabcc49b69c9208d5715eb363fc30ba0.pack */; };
		C99DD077133ECAC8009E3667 /* packed-refs in Resources */ = {isa = PBXBuildFile; fileRef = C99DD058133ECAC8009E3667 /* packed-refs */; };
		C99DD078133ECAC8009E3667 /* master in Resources */ = {isa = PBXBuildFile; fileRef = C99DD05B133ECAC8009E3667 /* master */; };
		C99DD079133ECAC8009E3667 /* HEAD in Resources */ = {isa = PBXBuildFile; fileRef = C99DD05E133ECAC8009E3667 /* HEAD */; };
		C99DD07A133ECAC8009E3667 /* CHANGELOG.md in Resources */ = {isa = PBXBuildFile; fileRef = C99DD060133ECAC8009E3667 /* CHANGELOG.md */; };
		C99DD07B133ECAC8009E3667 /* JSONKit.m in Sources */ = {isa = PBXBuildFile; fileRef = C99DD062133ECAC8009E3667 /* JSONKit.m */; };
		C99DD07C133ECAC8009E3667 /* README.md in Resources */ = {isa = PBXBuildFile; fileRef = C99DD063133ECAC8009E3667 /* README.md */; };
/* End PBXBuildFile section */

/* Begin PBXCopyFilesBuildPhase section */
		C98AC8EA13248B7200D1B4D2 /* CopyFiles */ = {
			isa = PBXCopyFilesBuildPhase;
			buildActionMask = 2147483647;
			dstPath = "";
			dstSubfolderSpec = 10;
			files = (
				C98AC8EB13248B7600D1B4D2 /* ShortcutRecorder.framework in CopyFiles */,
			);
			runOnlyForDeploymentPostprocessing = 0;
		};
/* End PBXCopyFilesBuildPhase section */

/* Begin PBXFileReference section */
		089C165DFE840E0CC02AAC07 /* English */ = {isa = PBXFileReference; fileEncoding = 4; lastKnownFileType = text.plist.strings; name = English; path = English.lproj/InfoPlist.strings; sourceTree = "<group>"; };
		1058C7A1FEA54F0111CA2CBB /* Cocoa.framework */ = {isa = PBXFileReference; lastKnownFileType = wrapper.framework; name = Cocoa.framework; path = /System/Library/Frameworks/Cocoa.framework; sourceTree = "<absolute>"; };
		13E42FB307B3F0F600E4EEF1 /* CoreData.framework */ = {isa = PBXFileReference; lastKnownFileType = wrapper.framework; name = CoreData.framework; path = /System/Library/Frameworks/CoreData.framework; sourceTree = "<absolute>"; };
		1DDD58150DA1D0A300B32029 /* English */ = {isa = PBXFileReference; lastKnownFileType = file.xib; name = English; path = English.lproj/MainMenu.xib; sourceTree = "<group>"; };
		256AC3F00F4B6AF500CF3369 /* Binder_Prefix.pch */ = {isa = PBXFileReference; fileEncoding = 4; lastKnownFileType = sourcecode.c.h; path = Binder_Prefix.pch; sourceTree = "<group>"; };
		29B97316FDCFA39411CA2CEA /* main.m */ = {isa = PBXFileReference; fileEncoding = 4; lastKnownFileType = sourcecode.c.objc; path = main.m; sourceTree = "<group>"; };
		29B97324FDCFA39411CA2CEA /* AppKit.framework */ = {isa = PBXFileReference; lastKnownFileType = wrapper.framework; name = AppKit.framework; path = /System/Library/Frameworks/AppKit.framework; sourceTree = "<absolute>"; };
		29B97325FDCFA39411CA2CEA /* Foundation.framework */ = {isa = PBXFileReference; lastKnownFileType = wrapper.framework; name = Foundation.framework; path = /System/Library/Frameworks/Foundation.framework; sourceTree = "<absolute>"; };
		8D1107310486CEB800E47090 /* Binder-Info.plist */ = {isa = PBXFileReference; fileEncoding = 4; lastKnownFileType = text.plist.xml; path = "Binder-Info.plist"; sourceTree = "<group>"; };
		8D1107320486CEB800E47090 /* Binder.app */ = {isa = PBXFileReference; explicitFileType = wrapper.application; includeInIndex = 0; path = Binder.app; sourceTree = BUILT_PRODUCTS_DIR; };
		C90F26291323124800B67AFF /* BinderMenulet.h */ = {isa = PBXFileReference; fileEncoding = 4; lastKnownFileType = sourcecode.c.h; path = BinderMenulet.h; sourceTree = "<group>"; };
		C90F262A1323124800B67AFF /* BinderMenulet.m */ = {isa = PBXFileReference; fileEncoding = 4; lastKnownFileType = sourcecode.c.objc; path = BinderMenulet.m; sourceTree = "<group>"; };
		C90F2634132318A400B67AFF /* menu.tiff */ = {isa = PBXFileReference; lastKnownFileType = image.tiff; path = menu.tiff; sourceTree = "<group>"; };
		C90F263B1323209900B67AFF /* PreferencePaneController.h */ = {isa = PBXFileReference; fileEncoding = 4; lastKnownFileType = sourcecode.c.h; path = PreferencePaneController.h; sourceTree = "<group>"; };
		C90F263C1323209900B67AFF /* PreferencePaneController.m */ = {isa = PBXFileReference; fileEncoding = 4; lastKnownFileType = sourcecode.c.objc; path = PreferencePaneController.m; sourceTree = "<group>"; };
		C90F264D1323283800B67AFF /* PreferencePanes.framework */ = {isa = PBXFileReference; lastKnownFileType = wrapper.framework; name = PreferencePanes.framework; path = System/Library/Frameworks/PreferencePanes.framework; sourceTree = SDKROOT; };
		C90F26511323287B00B67AFF /* PrefPane.xib */ = {isa = PBXFileReference; lastKnownFileType = file.xib; path = PrefPane.xib; sourceTree = "<group>"; };
		C98AC6E0132450A500D1B4D2 /* Carbon.framework */ = {isa = PBXFileReference; lastKnownFileType = wrapper.framework; name = Carbon.framework; path = System/Library/Frameworks/Carbon.framework; sourceTree = SDKROOT; };
		C98AC7D51324753B00D1B4D2 /* DDHotKeyCenter.h */ = {isa = PBXFileReference; fileEncoding = 4; lastKnownFileType = sourcecode.c.h; path = DDHotKeyCenter.h; sourceTree = "<group>"; };
		C98AC7D61324753B00D1B4D2 /* DDHotKeyCenter.m */ = {isa = PBXFileReference; fileEncoding = 4; lastKnownFileType = sourcecode.c.objc; path = DDHotKeyCenter.m; sourceTree = "<group>"; };
		C98AC8D6132489D800D1B4D2 /* English */ = {isa = PBXFileReference; fileEncoding = 4; lastKnownFileType = text.plist.strings; name = English; path = English.lproj/ShortcutRecorder.strings; sourceTree = "<group>"; };
		C98AC8DA13248A1900D1B4D2 /* ShortcutRecorder.framework */ = {isa = PBXFileReference; lastKnownFileType = wrapper.framework; path = ShortcutRecorder.framework; sourceTree = "<group>"; };
		C99DD03D133ECAC8009E3667 /* config */ = {isa = PBXFileReference; fileEncoding = 4; lastKnownFileType = text; path = config; sourceTree = "<group>"; };
		C99DD03E133ECAC8009E3667 /* description */ = {isa = PBXFileReference; fileEncoding = 4; lastKnownFileType = text; path = description; sourceTree = "<group>"; };
		C99DD03F133ECAC8009E3667 /* HEAD */ = {isa = PBXFileReference; fileEncoding = 4; lastKnownFileType = text; path = HEAD; sourceTree = "<group>"; };
		C99DD041133ECAC8009E3667 /* applypatch-msg.sample */ = {isa = PBXFileReference; fileEncoding = 4; lastKnownFileType = text.script.sh; path = "applypatch-msg.sample"; sourceTree = "<group>"; };
		C99DD042133ECAC8009E3667 /* commit-msg.sample */ = {isa = PBXFileReference; fileEncoding = 4; lastKnownFileType = text.script.sh; path = "commit-msg.sample"; sourceTree = "<group>"; };
		C99DD043133ECAC8009E3667 /* post-commit.sample */ = {isa = PBXFileReference; fileEncoding = 4; lastKnownFileType = text.script.sh; path = "post-commit.sample"; sourceTree = "<group>"; };
		C99DD044133ECAC8009E3667 /* post-receive.sample */ = {isa = PBXFileReference; fileEncoding = 4; lastKnownFileType = text.script.sh; path = "post-receive.sample"; sourceTree = "<group>"; };
		C99DD045133ECAC8009E3667 /* post-update.sample */ = {isa = PBXFileReference; fileEncoding = 4; lastKnownFileType = text.script.sh; path = "post-update.sample"; sourceTree = "<group>"; };
		C99DD046133ECAC8009E3667 /* pre-applypatch.sample */ = {isa = PBXFileReference; fileEncoding = 4; lastKnownFileType = text.script.sh; path = "pre-applypatch.sample"; sourceTree = "<group>"; };
		C99DD047133ECAC8009E3667 /* pre-commit.sample */ = {isa = PBXFileReference; fileEncoding = 4; lastKnownFileType = text.script.sh; path = "pre-commit.sample"; sourceTree = "<group>"; };
		C99DD048133ECAC8009E3667 /* pre-rebase.sample */ = {isa = PBXFileReference; fileEncoding = 4; lastKnownFileType = text.script.sh; path = "pre-rebase.sample"; sourceTree = "<group>"; };
		C99DD049133ECAC8009E3667 /* prepare-commit-msg.sample */ = {isa = PBXFileReference; fileEncoding = 4; lastKnownFileType = text.script.sh; path = "prepare-commit-msg.sample"; sourceTree = "<group>"; };
		C99DD04A133ECAC8009E3667 /* update.sample */ = {isa = PBXFileReference; fileEncoding = 4; lastKnownFileType = text.script.sh; path = update.sample; sourceTree = "<group>"; };
		C99DD04B133ECAC8009E3667 /* index */ = {isa = PBXFileReference; lastKnownFileType = file; path = index; sourceTree = "<group>"; };
		C99DD04D133ECAC8009E3667 /* exclude */ = {isa = PBXFileReference; fileEncoding = 4; lastKnownFileType = text; path = exclude; sourceTree = "<group>"; };
		C99DD04F133ECAC8009E3667 /* HEAD */ = {isa = PBXFileReference; fileEncoding = 4; lastKnownFileType = text; path = HEAD; sourceTree = "<group>"; };
		C99DD052133ECAC8009E3667 /* master */ = {isa = PBXFileReference; fileEncoding = 4; lastKnownFileType = text; path = master; sourceTree = "<group>"; };
		C99DD056133ECAC8009E3667 /* pack-96d362bacabcc49b69c9208d5715eb363fc30ba0.idx */ = {isa = PBXFileReference; lastKnownFileType = file; path = "pack-96d362bacabcc49b69c9208d5715eb363fc30ba0.idx"; sourceTree = "<group>"; };
		C99DD057133ECAC8009E3667 /* pack-96d362bacabcc49b69c9208d5715eb363fc30ba0.pack */ = {isa = PBXFileReference; lastKnownFileType = file; path = "pack-96d362bacabcc49b69c9208d5715eb363fc30ba0.pack"; sourceTree = "<group>"; };
		C99DD058133ECAC8009E3667 /* packed-refs */ = {isa = PBXFileReference; fileEncoding = 4; lastKnownFileType = text; path = "packed-refs"; sourceTree = "<group>"; };
		C99DD05B133ECAC8009E3667 /* master */ = {isa = PBXFileReference; fileEncoding = 4; lastKnownFileType = text; path = master; sourceTree = "<group>"; };
		C99DD05E133ECAC8009E3667 /* HEAD */ = {isa = PBXFileReference; fileEncoding = 4; lastKnownFileType = text; path = HEAD; sourceTree = "<group>"; };
		C99DD060133ECAC8009E3667 /* CHANGELOG.md */ = {isa = PBXFileReference; fileEncoding = 4; lastKnownFileType = text; path = CHANGELOG.md; sourceTree = "<group>"; };
		C99DD061133ECAC8009E3667 /* JSONKit.h */ = {isa = PBXFileReference; fileEncoding = 4; lastKnownFileType = sourcecode.c.h; path = JSONKit.h; sourceTree = "<group>"; };
		C99DD062133ECAC8009E3667 /* JSONKit.m */ = {isa = PBXFileReference; fileEncoding = 4; lastKnownFileType = sourcecode.c.objc; path = JSONKit.m; sourceTree = "<group>"; };
		C99DD063133ECAC8009E3667 /* README.md */ = {isa = PBXFileReference; fileEncoding = 4; lastKnownFileType = text; path = README.md; sourceTree = "<group>"; };
/* End PBXFileReference section */

/* Begin PBXFrameworksBuildPhase section */
		8D11072E0486CEB800E47090 /* Frameworks */ = {
			isa = PBXFrameworksBuildPhase;
			buildActionMask = 2147483647;
			files = (
				8D11072F0486CEB800E47090 /* Cocoa.framework in Frameworks */,
				C90F264E1323283800B67AFF /* PreferencePanes.framework in Frameworks */,
				C98AC6E1132450A500D1B4D2 /* Carbon.framework in Frameworks */,
				C98AC8DB13248A1900D1B4D2 /* ShortcutRecorder.framework in Frameworks */,
			);
			runOnlyForDeploymentPostprocessing = 0;
		};
/* End PBXFrameworksBuildPhase section */

/* Begin PBXGroup section */
		080E96DDFE201D6D7F000001 /* Classes */ = {
			isa = PBXGroup;
			children = (
				C98AC7D51324753B00D1B4D2 /* DDHotKeyCenter.h */,
				C98AC7D61324753B00D1B4D2 /* DDHotKeyCenter.m */,
				C90F26291323124800B67AFF /* BinderMenulet.h */,
				C90F262A1323124800B67AFF /* BinderMenulet.m */,
				C90F263B1323209900B67AFF /* PreferencePaneController.h */,
				C90F263C1323209900B67AFF /* PreferencePaneController.m */,
			);
			name = Classes;
			sourceTree = "<group>";
		};
		1058C7A0FEA54F0111CA2CBB /* Linked Frameworks */ = {
			isa = PBXGroup;
			children = (
				C98AC6E0132450A500D1B4D2 /* Carbon.framework */,
				C90F264D1323283800B67AFF /* PreferencePanes.framework */,
				1058C7A1FEA54F0111CA2CBB /* Cocoa.framework */,
				C98AC8DA13248A1900D1B4D2 /* ShortcutRecorder.framework */,
			);
			name = "Linked Frameworks";
			sourceTree = "<group>";
		};
		1058C7A2FEA54F0111CA2CBB /* Other Frameworks */ = {
			isa = PBXGroup;
			children = (
				29B97324FDCFA39411CA2CEA /* AppKit.framework */,
				13E42FB307B3F0F600E4EEF1 /* CoreData.framework */,
				29B97325FDCFA39411CA2CEA /* Foundation.framework */,
			);
			name = "Other Frameworks";
			sourceTree = "<group>";
		};
		19C28FACFE9D520D11CA2CBB /* Products */ = {
			isa = PBXGroup;
			children = (
				8D1107320486CEB800E47090 /* Binder.app */,
			);
			name = Products;
			sourceTree = "<group>";
		};
		29B97314FDCFA39411CA2CEA /* Binder */ = {
			isa = PBXGroup;
			children = (
				C99DD03B133ECAC8009E3667 /* JSONKit */,
				080E96DDFE201D6D7F000001 /* Classes */,
				29B97315FDCFA39411CA2CEA /* Other Sources */,
				29B97317FDCFA39411CA2CEA /* Resources */,
				29B97323FDCFA39411CA2CEA /* Frameworks */,
				19C28FACFE9D520D11CA2CBB /* Products */,
			);
			name = Binder;
			sourceTree = "<group>";
		};
		29B97315FDCFA39411CA2CEA /* Other Sources */ = {
			isa = PBXGroup;
			children = (
				256AC3F00F4B6AF500CF3369 /* Binder_Prefix.pch */,
				29B97316FDCFA39411CA2CEA /* main.m */,
			);
			name = "Other Sources";
			sourceTree = "<group>";
		};
		29B97317FDCFA39411CA2CEA /* Resources */ = {
			isa = PBXGroup;
			children = (
				C90F2634132318A400B67AFF /* menu.tiff */,
				8D1107310486CEB800E47090 /* Binder-Info.plist */,
				C98AC8D5132489D800D1B4D2 /* ShortcutRecorder.strings */,
				089C165CFE840E0CC02AAC07 /* InfoPlist.strings */,
				1DDD58140DA1D0A300B32029 /* MainMenu.xib */,
				C90F26511323287B00B67AFF /* PrefPane.xib */,
			);
			name = Resources;
			sourceTree = "<group>";
		};
		29B97323FDCFA39411CA2CEA /* Frameworks */ = {
			isa = PBXGroup;
			children = (
				1058C7A0FEA54F0111CA2CBB /* Linked Frameworks */,
				1058C7A2FEA54F0111CA2CBB /* Other Frameworks */,
			);
			name = Frameworks;
			sourceTree = "<group>";
		};
		C99DD03B133ECAC8009E3667 /* JSONKit */ = {
			isa = PBXGroup;
			children = (
				C99DD03C133ECAC8009E3667 /* .git */,
				C99DD060133ECAC8009E3667 /* CHANGELOG.md */,
				C99DD061133ECAC8009E3667 /* JSONKit.h */,
				C99DD062133ECAC8009E3667 /* JSONKit.m */,
				C99DD063133ECAC8009E3667 /* README.md */,
			);
			name = JSONKit;
			path = ../JSONKit;
			sourceTree = "<group>";
		};
		C99DD03C133ECAC8009E3667 /* .git */ = {
			isa = PBXGroup;
			children = (
				C99DD03D133ECAC8009E3667 /* config */,
				C99DD03E133ECAC8009E3667 /* description */,
				C99DD03F133ECAC8009E3667 /* HEAD */,
				C99DD040133ECAC8009E3667 /* hooks */,
				C99DD04B133ECAC8009E3667 /* index */,
				C99DD04C133ECAC8009E3667 /* info */,
				C99DD04E133ECAC8009E3667 /* logs */,
				C99DD053133ECAC8009E3667 /* objects */,
				C99DD058133ECAC8009E3667 /* packed-refs */,
				C99DD059133ECAC8009E3667 /* refs */,
			);
			path = .git;
			sourceTree = "<group>";
		};
		C99DD040133ECAC8009E3667 /* hooks */ = {
			isa = PBXGroup;
			children = (
				C99DD041133ECAC8009E3667 /* applypatch-msg.sample */,
				C99DD042133ECAC8009E3667 /* commit-msg.sample */,
				C99DD043133ECAC8009E3667 /* post-commit.sample */,
				C99DD044133ECAC8009E3667 /* post-receive.sample */,
				C99DD045133ECAC8009E3667 /* post-update.sample */,
				C99DD046133ECAC8009E3667 /* pre-applypatch.sample */,
				C99DD047133ECAC8009E3667 /* pre-commit.sample */,
				C99DD048133ECAC8009E3667 /* pre-rebase.sample */,
				C99DD049133ECAC8009E3667 /* prepare-commit-msg.sample */,
				C99DD04A133ECAC8009E3667 /* update.sample */,
			);
			path = hooks;
			sourceTree = "<group>";
		};
		C99DD04C133ECAC8009E3667 /* info */ = {
			isa = PBXGroup;
			children = (
				C99DD04D133ECAC8009E3667 /* exclude */,
			);
			path = info;
			sourceTree = "<group>";
		};
		C99DD04E133ECAC8009E3667 /* logs */ = {
			isa = PBXGroup;
			children = (
				C99DD04F133ECAC8009E3667 /* HEAD */,
				C99DD050133ECAC8009E3667 /* refs */,
			);
			path = logs;
			sourceTree = "<group>";
		};
		C99DD050133ECAC8009E3667 /* refs */ = {
			isa = PBXGroup;
			children = (
				C99DD051133ECAC8009E3667 /* heads */,
			);
			path = refs;
			sourceTree = "<group>";
		};
		C99DD051133ECAC8009E3667 /* heads */ = {
			isa = PBXGroup;
			children = (
				C99DD052133ECAC8009E3667 /* master */,
			);
			path = heads;
			sourceTree = "<group>";
		};
		C99DD053133ECAC8009E3667 /* objects */ = {
			isa = PBXGroup;
			children = (
				C99DD054133ECAC8009E3667 /* info */,
				C99DD055133ECAC8009E3667 /* pack */,
			);
			path = objects;
			sourceTree = "<group>";
		};
		C99DD054133ECAC8009E3667 /* info */ = {
			isa = PBXGroup;
			children = (
			);
			path = info;
			sourceTree = "<group>";
		};
		C99DD055133ECAC8009E3667 /* pack */ = {
			isa = PBXGroup;
			children = (
				C99DD056133ECAC8009E3667 /* pack-96d362bacabcc49b69c9208d5715eb363fc30ba0.idx */,
				C99DD057133ECAC8009E3667 /* pack-96d362bacabcc49b69c9208d5715eb363fc30ba0.pack */,
			);
			path = pack;
			sourceTree = "<group>";
		};
		C99DD059133ECAC8009E3667 /* refs */ = {
			isa = PBXGroup;
			children = (
				C99DD05A133ECAC8009E3667 /* heads */,
				C99DD05C133ECAC8009E3667 /* remotes */,
				C99DD05F133ECAC8009E3667 /* tags */,
			);
			path = refs;
			sourceTree = "<group>";
		};
		C99DD05A133ECAC8009E3667 /* heads */ = {
			isa = PBXGroup;
			children = (
				C99DD05B133ECAC8009E3667 /* master */,
			);
			path = heads;
			sourceTree = "<group>";
		};
		C99DD05C133ECAC8009E3667 /* remotes */ = {
			isa = PBXGroup;
			children = (
				C99DD05D133ECAC8009E3667 /* origin */,
			);
			path = remotes;
			sourceTree = "<group>";
		};
		C99DD05D133ECAC8009E3667 /* origin */ = {
			isa = PBXGroup;
			children = (
				C99DD05E133ECAC8009E3667 /* HEAD */,
			);
			path = origin;
			sourceTree = "<group>";
		};
		C99DD05F133ECAC8009E3667 /* tags */ = {
			isa = PBXGroup;
			children = (
			);
			path = tags;
			sourceTree = "<group>";
		};
/* End PBXGroup section */

/* Begin PBXNativeTarget section */
		8D1107260486CEB800E47090 /* Binder */ = {
			isa = PBXNativeTarget;
			buildConfigurationList = C01FCF4A08A954540054247B /* Build configuration list for PBXNativeTarget "Binder" */;
			buildPhases = (
				8D1107290486CEB800E47090 /* Resources */,
				8D11072C0486CEB800E47090 /* Sources */,
				8D11072E0486CEB800E47090 /* Frameworks */,
				C98AC8EA13248B7200D1B4D2 /* CopyFiles */,
			);
			buildRules = (
			);
			dependencies = (
			);
			name = Binder;
			productInstallPath = "$(HOME)/Applications";
			productName = Binder;
			productReference = 8D1107320486CEB800E47090 /* Binder.app */;
			productType = "com.apple.product-type.application";
		};
/* End PBXNativeTarget section */

/* Begin PBXProject section */
		29B97313FDCFA39411CA2CEA /* Project object */ = {
			isa = PBXProject;
			buildConfigurationList = C01FCF4E08A954540054247B /* Build configuration list for PBXProject "Binder" */;
			compatibilityVersion = "Xcode 3.1";
			developmentRegion = English;
			hasScannedForEncodings = 1;
			knownRegions = (
				English,
				Japanese,
				French,
				German,
			);
			mainGroup = 29B97314FDCFA39411CA2CEA /* Binder */;
			projectDirPath = "";
			projectRoot = "";
			targets = (
				8D1107260486CEB800E47090 /* Binder */,
			);
		};
/* End PBXProject section */

/* Begin PBXResourcesBuildPhase section */
		8D1107290486CEB800E47090 /* Resources */ = {
			isa = PBXResourcesBuildPhase;
			buildActionMask = 2147483647;
			files = (
				8D11072B0486CEB800E47090 /* InfoPlist.strings in Resources */,
				1DDD58160DA1D0A300B32029 /* MainMenu.xib in Resources */,
				C90F2635132318A400B67AFF /* menu.tiff in Resources */,
				C90F26521323287B00B67AFF /* PrefPane.xib in Resources */,
				C98AC8D7132489D800D1B4D2 /* ShortcutRecorder.strings in Resources */,
				C99DD064133ECAC8009E3667 /* config in Resources */,
				C99DD065133ECAC8009E3667 /* description in Resources */,
				C99DD066133ECAC8009E3667 /* HEAD in Resources */,
				C99DD067133ECAC8009E3667 /* applypatch-msg.sample in Resources */,
				C99DD068133ECAC8009E3667 /* commit-msg.sample in Resources */,
				C99DD069133ECAC8009E3667 /* post-commit.sample in Resources */,
				C99DD06A133ECAC8009E3667 /* post-receive.sample in Resources */,
				C99DD06B133ECAC8009E3667 /* post-update.sample in Resources */,
				C99DD06C133ECAC8009E3667 /* pre-applypatch.sample in Resources */,
				C99DD06D133ECAC8009E3667 /* pre-commit.sample in Resources */,
				C99DD06E133ECAC8009E3667 /* pre-rebase.sample in Resources */,
				C99DD06F133ECAC8009E3667 /* prepare-commit-msg.sample in Resources */,
				C99DD070133ECAC8009E3667 /* update.sample in Resources */,
				C99DD071133ECAC8009E3667 /* index in Resources */,
				C99DD072133ECAC8009E3667 /* exclude in Resources */,
				C99DD073133ECAC8009E3667 /* HEAD in Resources */,
				C99DD074133ECAC8009E3667 /* master in Resources */,
				C99DD075133ECAC8009E3667 /* pack-96d362bacabcc49b69c9208d5715eb363fc30ba0.idx in Resources */,
				C99DD076133ECAC8009E3667 /* pack-96d362bacabcc49b69c9208d5715eb363fc30ba0.pack in Resources */,
				C99DD077133ECAC8009E3667 /* packed-refs in Resources */,
				C99DD078133ECAC8009E3667 /* master in Resources */,
				C99DD079133ECAC8009E3667 /* HEAD in Resources */,
				C99DD07A133ECAC8009E3667 /* CHANGELOG.md in Resources */,
				C99DD07C133ECAC8009E3667 /* README.md in Resources */,
			);
			runOnlyForDeploymentPostprocessing = 0;
		};
/* End PBXResourcesBuildPhase section */

/* Begin PBXSourcesBuildPhase section */
		8D11072C0486CEB800E47090 /* Sources */ = {
			isa = PBXSourcesBuildPhase;
			buildActionMask = 2147483647;
			files = (
				8D11072D0486CEB800E47090 /* main.m in Sources */,
				C90F262B1323124800B67AFF /* BinderMenulet.m in Sources */,
				C90F263D1323209900B67AFF /* PreferencePaneController.m in Sources */,
				C98AC7D71324753B00D1B4D2 /* DDHotKeyCenter.m in Sources */,
				C99DD07B133ECAC8009E3667 /* JSONKit.m in Sources */,
			);
			runOnlyForDeploymentPostprocessing = 0;
		};
/* End PBXSourcesBuildPhase section */

/* Begin PBXVariantGroup section */
		089C165CFE840E0CC02AAC07 /* InfoPlist.strings */ = {
			isa = PBXVariantGroup;
			children = (
				089C165DFE840E0CC02AAC07 /* English */,
			);
			name = InfoPlist.strings;
			sourceTree = "<group>";
		};
		1DDD58140DA1D0A300B32029 /* MainMenu.xib */ = {
			isa = PBXVariantGroup;
			children = (
				1DDD58150DA1D0A300B32029 /* English */,
			);
			name = MainMenu.xib;
			sourceTree = "<group>";
		};
		C98AC8D5132489D800D1B4D2 /* ShortcutRecorder.strings */ = {
			isa = PBXVariantGroup;
			children = (
				C98AC8D6132489D800D1B4D2 /* English */,
			);
			name = ShortcutRecorder.strings;
			sourceTree = "<group>";
		};
/* End PBXVariantGroup section */

/* Begin XCBuildConfiguration section */
		C01FCF4B08A954540054247B /* Debug */ = {
			isa = XCBuildConfiguration;
			buildSettings = {
				ALWAYS_SEARCH_USER_PATHS = NO;
				COPY_PHASE_STRIP = NO;
				FRAMEWORK_SEARCH_PATHS = (
					"$(inherited)",
					"\"$(SRCROOT)\"",
					"\"$(SRCROOT)/../shortcutrecorder/build/Release\"",
				);
				GCC_DYNAMIC_NO_PIC = NO;
				GCC_ENABLE_FIX_AND_CONTINUE = YES;
				GCC_MODEL_TUNING = G5;
				GCC_OPTIMIZATION_LEVEL = 0;
				GCC_PRECOMPILE_PREFIX_HEADER = YES;
				GCC_PREFIX_HEADER = Binder_Prefix.pch;
				INFOPLIST_FILE = "Binder-Info.plist";
				INSTALL_PATH = "$(HOME)/Applications";
				PRODUCT_NAME = Binder;
			};
			name = Debug;
		};
		C01FCF4C08A954540054247B /* Release */ = {
			isa = XCBuildConfiguration;
			buildSettings = {
				ALWAYS_SEARCH_USER_PATHS = NO;
				DEBUG_INFORMATION_FORMAT = "dwarf-with-dsym";
				FRAMEWORK_SEARCH_PATHS = (
					"$(inherited)",
					"\"$(SRCROOT)\"",
					"\"$(SRCROOT)/../shortcutrecorder/build/Release\"",
				);
				GCC_MODEL_TUNING = G5;
				GCC_PRECOMPILE_PREFIX_HEADER = YES;
				GCC_PREFIX_HEADER = Binder_Prefix.pch;
				INFOPLIST_FILE = "Binder-Info.plist";
				INSTALL_PATH = "$(HOME)/Applications";
				PRODUCT_NAME = Binder;
			};
			name = Release;
		};
		C01FCF4F08A954540054247B /* Debug */ = {
			isa = XCBuildConfiguration;
			buildSettings = {
				ARCHS = "$(ARCHS_STANDARD_32_64_BIT)";
				GCC_C_LANGUAGE_STANDARD = gnu99;
				GCC_OPTIMIZATION_LEVEL = 0;
				GCC_WARN_ABOUT_RETURN_TYPE = YES;
				GCC_WARN_UNUSED_VARIABLE = YES;
				ONLY_ACTIVE_ARCH = YES;
				PREBINDING = NO;
				SDKROOT = macosx10.6;
			};
			name = Debug;
		};
		C01FCF5008A954540054247B /* Release */ = {
			isa = XCBuildConfiguration;
			buildSettings = {
				ARCHS = "$(ARCHS_STANDARD_32_64_BIT)";
				GCC_C_LANGUAGE_STANDARD = gnu99;
				GCC_WARN_ABOUT_RETURN_TYPE = YES;
				GCC_WARN_UNUSED_VARIABLE = YES;
				PREBINDING = NO;
				SDKROOT = macosx10.6;
			};
			name = Release;
		};
/* End XCBuildConfiguration section */

/* Begin XCConfigurationList section */
		C01FCF4A08A954540054247B /* Build configuration list for PBXNativeTarget "Binder" */ = {
			isa = XCConfigurationList;
			buildConfigurations = (
				C01FCF4B08A954540054247B /* Debug */,
				C01FCF4C08A954540054247B /* Release */,
			);
			defaultConfigurationIsVisible = 0;
			defaultConfigurationName = Release;
		};
		C01FCF4E08A954540054247B /* Build configuration list for PBXProject "Binder" */ = {
			isa = XCConfigurationList;
			buildConfigurations = (
				C01FCF4F08A954540054247B /* Debug */,
				C01FCF5008A954540054247B /* Release */,
			);
			defaultConfigurationIsVisible = 0;
			defaultConfigurationName = Release;
		};
/* End XCConfigurationList section */
	};
	rootObject = 29B97313FDCFA39411CA2CEA /* Project object */;
}
